# THIS IS AN AUTOGENERATED FILE. DO NOT EDIT THIS FILE DIRECTLY.
# yarn lockfile v1


"@google-analytics/data@^5.2.2":
  "integrity" "sha512-W6p4Z8IG5Uol2x9NNYA1IfCGbAClyt/dGHv+d1KO8ML658hBq/RUPg4iXc3whdgiJIu6QkVGgcXUO65lkEiLnA=="
  "resolved" "https://registry.npmjs.org/@google-analytics/data/-/data-5.2.2.tgz"
  "version" "5.2.2"
  dependencies:
    "google-gax" "^5.0.0"

"@grpc/grpc-js@^1.12.6":
  "integrity" "sha512-Iq8QQQ/7X3Sac15oB6p0FmUg/klxQvXLeileoqrTRGJYLV+/9tubbr9ipz0GKHjmXVsgFPo/+W+2cA8eNcR+XA=="
  "resolved" "https://registry.npmjs.org/@grpc/grpc-js/-/grpc-js-1.14.3.tgz"
  "version" "1.14.3"
  dependencies:
    "@grpc/proto-loader" "^0.8.0"
    "@js-sdsl/ordered-map" "^4.4.2"

"@grpc/proto-loader@^0.8.0":
  "integrity" "sha512-rc1hOQtjIWGxcxpb9aHAfLpIctjEnsDehj0DAiVfBlmT84uvR0uUtN2hEi/ecvWVjXUGf5qPF4qEgiLOx1YIMQ=="
  "resolved" "https://registry.npmjs.org/@grpc/proto-loader/-/proto-loader-0.8.0.tgz"
  "version" "0.8.0"
  dependencies:
    "lodash.camelcase" "^4.3.0"
    "long" "^5.0.0"
    "protobufjs" "^7.5.3"
    "yargs" "^17.7.2"

"@img/colour@^1.0.0":
  "integrity" "sha512-Td76q7j57o/tLVdgS746cYARfSyxk8iEfRxewL9h4OMzYhbW4TAcppl0mT4eyqXddh6L/jwoM75mo7ixa/pCeQ=="
  "resolved" "https://registry.npmjs.org/@img/colour/-/colour-1.1.0.tgz"
  "version" "1.1.0"

"@img/sharp-darwin-arm64@0.34.5":
  "integrity" "sha512-imtQ3WMJXbMY4fxb/Ndp6HBTNVtWCUI0WdobyheGf5+ad6xX8VIDO8u2xE4qc/fr08CKG/7dDseFtn6M6g/r3w=="
  "resolved" "https://registry.npmjs.org/@img/sharp-darwin-arm64/-/sharp-darwin-arm64-0.34.5.tgz"
  "version" "0.34.5"
  optionalDependencies:
    "@img/sharp-libvips-darwin-arm64" "1.2.4"

"@img/sharp-libvips-darwin-arm64@1.2.4":
  "integrity" "sha512-zqjjo7RatFfFoP0MkQ51jfuFZBnVE2pRiaydKJ1G/rHZvnsrHAOcQALIi9sA5co5xenQdTugCvtb1cuf78Vf4g=="
  "resolved" "https://registry.npmjs.org/@img/sharp-libvips-darwin-arm64/-/sharp-libvips-darwin-arm64-1.2.4.tgz"
  "version" "1.2.4"

"@isaacs/cliui@^8.0.2":
  "integrity" "sha512-O8jcjabXaleOG9DQ0+ARXWZBTfnP4WNAqzuiJK7ll44AmxGKv/J2M4TPjxjY3znBCfvBXFzucm1twdyFybFqEA=="
  "resolved" "https://registry.npmjs.org/@isaacs/cliui/-/cliui-8.0.2.tgz"
  "version" "8.0.2"
  dependencies:
    "string-width" "^5.1.2"
    "string-width-cjs" "npm:string-width@^4.2.0"
    "strip-ansi" "^7.0.1"
    "strip-ansi-cjs" "npm:strip-ansi@^6.0.1"
    "wrap-ansi" "^8.1.0"
    "wrap-ansi-cjs" "npm:wrap-ansi@^7.0.0"

"@js-sdsl/ordered-map@^4.4.2":
  "integrity" "sha512-iUKgm52T8HOE/makSxjqoWhe95ZJA1/G1sYsGev2JDKUSS14KAgg1LHb+Ba+IPow0xflbnSkOsZcO08C7w1gYw=="
  "resolved" "https://registry.npmjs.org/@js-sdsl/ordered-map/-/ordered-map-4.4.2.tgz"
  "version" "4.4.2"

"@next/env@15.3.9":
  "integrity" "sha512-I7wMCjlHc85EvAebNYJCRBZ+shdrGhcIXBviWmDzGYXwTQ+WrYpfg1LBOnTK1Bn3b+ud5apesNObXKEGqi/C3g=="
  "resolved" "https://registry.npmjs.org/@next/env/-/env-15.3.9.tgz"
  "version" "15.3.9"

"@next/swc-darwin-arm64@15.3.5":
  "integrity" "sha512-lM/8tilIsqBq+2nq9kbTW19vfwFve0NR7MxfkuSUbRSgXlMQoJYg+31+++XwKVSXk4uT23G2eF/7BRIKdn8t8w=="
  "resolved" "https://registry.npmjs.org/@next/swc-darwin-arm64/-/swc-darwin-arm64-15.3.5.tgz"
  "version" "15.3.5"

"@pkgjs/parseargs@^0.11.0":
  "integrity" "sha512-+1VkjdD0QBLPodGrJUeqarH8VAIvQODIbwh9XpP5Syisf7YoQgsJKPNFoqqLQlu+VQ/tVSshMR6loPMn8U+dPg=="
  "resolved" "https://registry.npmjs.org/@pkgjs/parseargs/-/parseargs-0.11.0.tgz"
  "version" "0.11.0"

"@protobufjs/aspromise@^1.1.1", "@protobufjs/aspromise@^1.1.2":
  "integrity" "sha512-j+gKExEuLmKwvz3OgROXtrJ2UG2x8Ch2YZUxahh+s1F2HZ+wAceUNLkvy6zKCPVRkU++ZWQrdxsUeQXmcg4uoQ=="
  "resolved" "https://registry.npmjs.org/@protobufjs/aspromise/-/aspromise-1.1.2.tgz"
  "version" "1.1.2"

"@protobufjs/base64@^1.1.2":
  "integrity" "sha512-AZkcAA5vnN/v4PDqKyMR5lx7hZttPDgClv83E//FMNhR2TMcLUhfRUBHCmSl0oi9zMgDDqRUJkSxO3wm85+XLg=="
  "resolved" "https://registry.npmjs.org/@protobufjs/base64/-/base64-1.1.2.tgz"
  "version" "1.1.2"

"@protobufjs/codegen@^2.0.5":
  "integrity" "sha512-zgXFLzW3Ap33e6d0Wlj4MGIm6Ce8O89n/apUaGNB/jx+hw+ruWEp7EwGUshdLKVRCxZW12fp9r40E1mQrf/34g=="
  "resolved" "https://registry.npmjs.org/@protobufjs/codegen/-/codegen-2.0.5.tgz"
  "version" "2.0.5"

"@protobufjs/eventemitter@^1.1.0":
  "integrity" "sha512-j9ednRT81vYJ9OfVuXG6ERSTdEL1xVsNgqpkxMsbIabzSo3goCjDIveeGv5d03om39ML71RdmrGNjG5SReBP/Q=="
  "resolved" "https://registry.npmjs.org/@protobufjs/eventemitter/-/eventemitter-1.1.0.tgz"
  "version" "1.1.0"

"@protobufjs/fetch@^1.1.0":
  "integrity" "sha512-lljVXpqXebpsijW71PZaCYeIcE5on1w5DlQy5WH6GLbFryLUrBD4932W/E2BSpfRJWseIL4v/KPgBFxDOIdKpQ=="
  "resolved" "https://registry.npmjs.org/@protobufjs/fetch/-/fetch-1.1.0.tgz"
  "version" "1.1.0"
  dependencies:
    "@protobufjs/aspromise" "^1.1.1"
    "@protobufjs/inquire" "^1.1.0"

"@protobufjs/float@^1.0.2":
  "integrity" "sha512-Ddb+kVXlXst9d+R9PfTIxh1EdNkgoRe5tOX6t01f1lYWOvJnSPDBlG241QLzcyPdoNTsblLUdujGSE4RzrTZGQ=="
  "resolved" "https://registry.npmjs.org/@protobufjs/float/-/float-1.0.2.tgz"
  "version" "1.0.2"

"@protobufjs/inquire@^1.1.0", "@protobufjs/inquire@^1.1.1":
  "integrity" "sha512-mnzgDV26ueAvk7rsbt9L7bE0SuAoqyuys/sMMrmVcN5x9VsxpcG3rqAUSgDyLp0UZlmNfIbQ4fHfCtreVBk8Ew=="
  "resolved" "https://registry.npmjs.org/@protobufjs/inquire/-/inquire-1.1.1.tgz"
  "version" "1.1.1"

"@protobufjs/path@^1.1.2":
  "integrity" "sha512-6JOcJ5Tm08dOHAbdR3GrvP+yUUfkjG5ePsHYczMFLq3ZmMkAD98cDgcT2iA1lJ9NVwFd4tH/iSSoe44YWkltEA=="
  "resolved" "https://registry.npmjs.org/@protobufjs/path/-/path-1.1.2.tgz"
  "version" "1.1.2"

"@protobufjs/pool@^1.1.0":
  "integrity" "sha512-0kELaGSIDBKvcgS4zkjz1PeddatrjYcmMWOlAuAPwAeccUrPHdUqo/J6LiymHHEiJT5NrF1UVwxY14f+fy4WQw=="
  "resolved" "https://registry.npmjs.org/@protobufjs/pool/-/pool-1.1.0.tgz"
  "version" "1.1.0"

"@protobufjs/utf8@^1.1.1":
  "integrity" "sha512-oOAWABowe8EAbMyWKM0tYDKi8Yaox52D+HWZhAIJqQXbqe0xI/GV7FhLWqlEKreMkfDjshR5FKgi3mnle0h6Eg=="
  "resolved" "https://registry.npmjs.org/@protobufjs/utf8/-/utf8-1.1.1.tgz"
  "version" "1.1.1"

"@swc/counter@0.1.3":
  "integrity" "sha512-e2BR4lsJkkRlKZ/qCHPw9ZaSxc0MVUd7gtbtaB7aMvHeJVYe8sOB8DBZkP2DtISHGSku9sCK6T6cnY0CtXrOCQ=="
  "resolved" "https://registry.npmjs.org/@swc/counter/-/counter-0.1.3.tgz"
  "version" "0.1.3"

"@swc/helpers@0.5.15":
  "integrity" "sha512-JQ5TuMi45Owi4/BIMAJBoSQoOJu12oOk/gADqlcUL9JEdHB8vyjUSsxqeNXnmXHjYKMi2WcYtezGEEhqUI/E2g=="
  "resolved" "https://registry.npmjs.org/@swc/helpers/-/helpers-0.5.15.tgz"
  "version" "0.5.15"
  dependencies:
    "tslib" "^2.8.0"

"@types/node@^20", "@types/node@>=13.7.0":
  "integrity" "sha512-orrrD74MBUyK8jOAD/r0+lfa1I2MO6I+vAkmAWzMYbCcgrN4lCrmK52gRFQq/JRxfYPfonkr4b0jcY7Olqdqbw=="
  "resolved" "https://registry.npmjs.org/@types/node/-/node-20.19.39.tgz"
  "version" "20.19.39"
  dependencies:
    "undici-types" "~6.21.0"

"@types/react-dom@^19":
  "integrity" "sha512-jp2L/eY6fn+KgVVQAOqYItbF0VY/YApe5Mz2F0aykSO8gx31bYCZyvSeYxCHKvzHG5eZjc+zyaS5BrBWya2+kQ=="
  "resolved" "https://registry.npmjs.org/@types/react-dom/-/react-dom-19.2.3.tgz"
  "version" "19.2.3"

"@types/react@^19", "@types/react@^19.2.0":
  "integrity" "sha512-ilcTH/UniCkMdtexkoCN0bI7pMcJDvmQFPvuPvmEaYA/NSfFTAgdUSLAoVjaRJm7+6PvcM+q1zYOwS4wTYMF9w=="
  "resolved" "https://registry.npmjs.org/@types/react/-/react-19.2.14.tgz"
  "version" "19.2.14"
  dependencies:
    "csstype" "^3.2.2"

"agent-base@^7.1.0", "agent-base@^7.1.2":
  "integrity" "sha512-MnA+YT8fwfJPgBx3m60MNqakm30XOkyIoH1y6huTQvC0PwZG7ki8NacLBcrPbNoo8vEZy7Jpuk7+jMO+CUovTQ=="
  "resolved" "https://registry.npmjs.org/agent-base/-/agent-base-7.1.4.tgz"
  "version" "7.1.4"

"ansi-regex@^5.0.1":
  "integrity" "sha512-quJQXlTSUGL2LH9SUXo8VwsY4soanhgo6LNSm84E1LBcE8s3O0wpdiRzyR9z/ZZJMlMWv37qOOb9pdJlMUEKFQ=="
  "resolved" "https://registry.npmjs.org/ansi-regex/-/ansi-regex-5.0.1.tgz"
  "version" "5.0.1"

"ansi-regex@^6.2.2":
  "integrity" "sha512-Bq3SmSpyFHaWjPk8If9yc6svM8c56dB5BAtW4Qbw5jHTwwXXcTLoRMkpDJp6VL0XzlWaCHTXrkFURMYmD0sLqg=="
  "resolved" "https://registry.npmjs.org/ansi-regex/-/ansi-regex-6.2.2.tgz"
  "version" "6.2.2"

"ansi-styles@^4.0.0":
  "integrity" "sha512-zbB9rCJAT1rbjiVDb2hqKFHNYLxgtk8NURxZ3IZwD3F6NtxbXZQCnnSi1Lkx+IDohdPlFp222wVALIheZJQSEg=="
  "resolved" "https://registry.npmjs.org/ansi-styles/-/ansi-styles-4.3.0.tgz"
  "version" "4.3.0"
  dependencies:
    "color-convert" "^2.0.1"

"ansi-styles@^6.1.0":
  "integrity" "sha512-4Dj6M28JB+oAH8kFkTLUo+a2jwOFkuqb3yucU0CANcRRUbxS0cP0nZYCGjcc3BNXwRIsUVmDGgzawme7zvJHvg=="
  "resolved" "https://registry.npmjs.org/ansi-styles/-/ansi-styles-6.2.3.tgz"
  "version" "6.2.3"

"balanced-match@^1.0.0":
  "integrity" "sha512-3oSeUO0TMV67hN1AmbXsK4yaqU7tjiHlbxRDZOpH0KW9+CeX4bRAaX0Anxt0tx2MrpRpWwQaPwIlISEJhYU5Pw=="
  "resolved" "https://registry.npmjs.org/balanced-match/-/balanced-match-1.0.2.tgz"
  "version" "1.0.2"

"base64-js@^1.3.0":
  "integrity" "sha512-AKpaYlHn8t4SVbOHCy+b5+KKgvR4vrsD8vbvrbiQJps7fKDTkjkDry6ji0rUJjC0kzbNePLwzxq8iypo41qeWA=="
  "resolved" "https://registry.npmjs.org/base64-js/-/base64-js-1.5.1.tgz"
  "version" "1.5.1"

"bignumber.js@^9.0.0":
  "integrity" "sha512-Ko0uX15oIUS7wJ3Rb30Fs6SkVbLmPBAKdlm7q9+ak9bbIeFf0MwuBsQV6z7+X768/cHsfg+WlysDWJcmthjsjQ=="
  "resolved" "https://registry.npmjs.org/bignumber.js/-/bignumber.js-9.3.1.tgz"
  "version" "9.3.1"

"brace-expansion@^2.0.2":
  "integrity" "sha512-TN1kCZAgdgweJhWWpgKYrQaMNHcDULHkWwQIspdtjV4Y5aurRdZpjAqn6yX3FPqTA9ngHCc4hJxMAMgGfve85w=="
  "resolved" "https://registry.npmjs.org/brace-expansion/-/brace-expansion-2.1.0.tgz"
  "version" "2.1.0"
  dependencies:
    "balanced-match" "^1.0.0"

"buffer-equal-constant-time@^1.0.1":
  "integrity" "sha512-zRpUiDwd/xk6ADqPMATG8vc9VPrkck7T07OIx0gnjmJAnHnTVXNQG3vfvWNuiZIkwu9KrKdA1iJKfsfTVxE6NA=="
  "resolved" "https://registry.npmjs.org/buffer-equal-constant-time/-/buffer-equal-constant-time-1.0.1.tgz"
  "version" "1.0.1"

"busboy@1.6.0":
  "integrity" "sha512-8SFQbg/0hQ9xy3UNTB0YEnsNBbWfhf7RtnzpL7TkBiTBRfrQ9Fxcnz7VJsleJpyp6rVLvXiuORqjlHi5q+PYuA=="
  "resolved" "https://registry.npmjs.org/busboy/-/busboy-1.6.0.tgz"
  "version" "1.6.0"
  dependencies:
    "streamsearch" "^1.1.0"

"caniuse-lite@^1.0.30001579":
  "integrity" "sha512-yk0l/YSrOnFZk3UROpDLQD9+kC1l4meK/wed583AXrzoarMGJcbRi2Q4RaUYbKxYAsZ8sWmaSa/DsLmdBeI1vQ=="
  "resolved" "https://registry.npmjs.org/caniuse-lite/-/caniuse-lite-1.0.30001791.tgz"
  "version" "1.0.30001791"

"client-only@0.0.1":
  "integrity" "sha512-IV3Ou0jSMzZrd3pZ48nLkT9DA7Ag1pnPzaiQhpW7c3RbcqqzvzzVu+L8gfqMp/8IM2MQtSiqaCxrrcfu8I8rMA=="
  "resolved" "https://registry.npmjs.org/client-only/-/client-only-0.0.1.tgz"
  "version" "0.0.1"

"cliui@^8.0.1":
  "integrity" "sha512-BSeNnyus75C4//NQ9gQt1/csTXyo/8Sb+afLAkzAptFuMsod9HFokGNudZpi/oQV73hnVK+sR+5PVRMd+Dr7YQ=="
  "resolved" "https://registry.npmjs.org/cliui/-/cliui-8.0.1.tgz"
  "version" "8.0.1"
  dependencies:
    "string-width" "^4.2.0"
    "strip-ansi" "^6.0.1"
    "wrap-ansi" "^7.0.0"

"color-convert@^2.0.1":
  "integrity" "sha512-RRECPsj7iu/xb5oKYcsFHSppFNnsj/52OVTRKb4zP5onXwVF3zVmmToNcOfGC+CRDpfK/U584fMg38ZHCaElKQ=="
  "resolved" "https://registry.npmjs.org/color-convert/-/color-convert-2.0.1.tgz"
  "version" "2.0.1"
  dependencies:
    "color-name" "~1.1.4"

"color-name@~1.1.4":
  "integrity" "sha512-dOy+3AuW3a2wNbZHIuMZpTcgjGuLU/uBL/ubcZF9OXbDo8ff4O8yVp5Bf0efS8uEoYo5q4Fx7dY9OgQGXgAsQA=="
  "resolved" "https://registry.npmjs.org/color-name/-/color-name-1.1.4.tgz"
  "version" "1.1.4"

"cross-spawn@^7.0.6":
  "integrity" "sha512-uV2QOWP2nWzsy2aMp8aRibhi9dlzF5Hgh5SHaB9OiTGEyDTiJJyx0uy51QXdyWbtAHNua4XJzUKca3OzKUd3vA=="
  "resolved" "https://registry.npmjs.org/cross-spawn/-/cross-spawn-7.0.6.tgz"
  "version" "7.0.6"
  dependencies:
    "path-key" "^3.1.0"
    "shebang-command" "^2.0.0"
    "which" "^2.0.1"

"csstype@^3.2.2":
  "integrity" "sha512-z1HGKcYy2xA8AGQfwrn0PAy+PB7X/GSj3UVJW9qKyn43xWa+gl5nXmU4qqLMRzWVLFC8KusUX8T/0kCiOYpAIQ=="
  "resolved" "https://registry.npmjs.org/csstype/-/csstype-3.2.3.tgz"
  "version" "3.2.3"

"data-uri-to-buffer@^4.0.0":
  "integrity" "sha512-0R9ikRb668HB7QDxT1vkpuUBtqc53YyAwMwGeUFKRojY/NWKvdZ+9UYtRfGmhqNbRkTSVpMbmyhXipFFv2cb/A=="
  "resolved" "https://registry.npmjs.org/data-uri-to-buffer/-/data-uri-to-buffer-4.0.1.tgz"
  "version" "4.0.1"

"debug@^4.3.4", "debug@4":
  "integrity" "sha512-RGwwWnwQvkVfavKVt22FGLw+xYSdzARwm0ru6DhTVA3umU5hZc28V3kO4stgYryrTlLpuvgI9GiijltAjNbcqA=="
  "resolved" "https://registry.npmjs.org/debug/-/debug-4.4.3.tgz"
  "version" "4.4.3"
  dependencies:
    "ms" "^2.1.3"

"detect-libc@^2.1.2":
  "integrity" "sha512-Btj2BOOO83o3WyH59e8MgXsxEQVcarkUOpEYrubB0urwnN10yQ364rsiByU11nZlqWYZm05i/of7io4mzihBtQ=="
  "resolved" "https://registry.npmjs.org/detect-libc/-/detect-libc-2.1.2.tgz"
  "version" "2.1.2"

"duplexify@^4.1.3":
  "integrity" "sha512-M3BmBhwJRZsSx38lZyhE53Csddgzl5R7xGJNk7CVddZD6CcmwMCH8J+7AprIrQKH7TonKxaCjcv27Qmf+sQ+oA=="
  "resolved" "https://registry.npmjs.org/duplexify/-/duplexify-4.1.3.tgz"
  "version" "4.1.3"
  dependencies:
    "end-of-stream" "^1.4.1"
    "inherits" "^2.0.3"
    "readable-stream" "^3.1.1"
    "stream-shift" "^1.0.2"

"eastasianwidth@^0.2.0":
  "integrity" "sha512-I88TYZWc9XiYHRQ4/3c5rjjfgkjhLyW2luGIheGERbNQ6OY7yTybanSpDXZa8y7VUP9YmDcYa+eyq4ca7iLqWA=="
  "resolved" "https://registry.npmjs.org/eastasianwidth/-/eastasianwidth-0.2.0.tgz"
  "version" "0.2.0"

"ecdsa-sig-formatter@^1.0.11", "ecdsa-sig-formatter@1.0.11":
  "integrity" "sha512-nagl3RYrbNv6kQkeJIpt6NJZy8twLB/2vtz6yN9Z4vRKHN4/QZJIEbqohALSgwKdnksuY3k5Addp5lg8sVoVcQ=="
  "resolved" "https://registry.npmjs.org/ecdsa-sig-formatter/-/ecdsa-sig-formatter-1.0.11.tgz"
  "version" "1.0.11"
  dependencies:
    "safe-buffer" "^5.0.1"

"emoji-regex@^8.0.0":
  "integrity" "sha512-MSjYzcWNOA0ewAHpz0MxpYFvwg6yjy1NG3xteoqz644VCo/RPgnr1/GGt+ic3iJTzQ8Eu3TdM14SawnVUmGE6A=="
  "resolved" "https://registry.npmjs.org/emoji-regex/-/emoji-regex-8.0.0.tgz"
  "version" "8.0.0"

"emoji-regex@^9.2.2":
  "integrity" "sha512-L18DaJsXSUk2+42pv8mLs5jJT2hqFkFE4j21wOmgbUqsZ2hL72NsUU785g9RXgo3s0ZNgVl42TiHp3ZtOv/Vyg=="
  "resolved" "https://registry.npmjs.org/emoji-regex/-/emoji-regex-9.2.2.tgz"
  "version" "9.2.2"

"end-of-stream@^1.4.1":
  "integrity" "sha512-ooEGc6HP26xXq/N+GCGOT0JKCLDGrq2bQUZrQ7gyrJiZANJ/8YDTxTpQBXGMn+WbIQXNVpyWymm7KYVICQnyOg=="
  "resolved" "https://registry.npmjs.org/end-of-stream/-/end-of-stream-1.4.5.tgz"
  "version" "1.4.5"
  dependencies:
    "once" "^1.4.0"

"escalade@^3.1.1":
  "integrity" "sha512-WUj2qlxaQtO4g6Pq5c29GTcWGDyd8itL8zTlipgECz3JesAiiOKotd8JU6otB3PACgG6xkJUyVhboMS+bje/jA=="
  "resolved" "https://registry.npmjs.org/escalade/-/escalade-3.2.0.tgz"
  "version" "3.2.0"

"extend@^3.0.2":
  "integrity" "sha512-fjquC59cD7CyW6urNXK0FBufkZcoiGG80wTuPujX590cB5Ttln20E2UB4S/WARVqhXffZl2LNgS+gQdPIIim/g=="
  "resolved" "https://registry.npmjs.org/extend/-/extend-3.0.2.tgz"
  "version" "3.0.2"

"fetch-blob@^3.1.2", "fetch-blob@^3.1.4":
  "integrity" "sha512-7yAQpD2UMJzLi1Dqv7qFYnPbaPx7ZfFK6PiIxQ4PfkGPyNyl2Ugx+a/umUonmKqjhM4DnfbMvdX6otXq83soQQ=="
  "resolved" "https://registry.npmjs.org/fetch-blob/-/fetch-blob-3.2.0.tgz"
  "version" "3.2.0"
  dependencies:
    "node-domexception" "^1.0.0"
    "web-streams-polyfill" "^3.0.3"

"foreground-child@^3.1.0":
  "integrity" "sha512-gIXjKqtFuWEgzFRJA9WCQeSJLZDjgJUOMCMzxtvFq/37KojM1BFGufqsCy0r4qSQmYLsZYMeyRqzIWOMup03sw=="
  "resolved" "https://registry.npmjs.org/foreground-child/-/foreground-child-3.3.1.tgz"
  "version" "3.3.1"
  dependencies:
    "cross-spawn" "^7.0.6"
    "signal-exit" "^4.0.1"

"formdata-polyfill@^4.0.10":
  "integrity" "sha512-buewHzMvYL29jdeQTVILecSaZKnt/RJWjoZCF5OW60Z67/GmSLBkOFM7qh1PI3zFNtJbaZL5eQu1vLfazOwj4g=="
  "resolved" "https://registry.npmjs.org/formdata-polyfill/-/formdata-polyfill-4.0.10.tgz"
  "version" "4.0.10"
  dependencies:
    "fetch-blob" "^3.1.2"

"gaxios@^7.0.0", "gaxios@^7.1.4":
  "integrity" "sha512-bTIgTsM2bWn3XklZISBTQX7ZSddGW+IO3bMdGaemHZ3tbqExMENHLx6kKZ/KlejgrMtj8q7wBItt51yegqalrA=="
  "resolved" "https://registry.npmjs.org/gaxios/-/gaxios-7.1.4.tgz"
  "version" "7.1.4"
  dependencies:
    "extend" "^3.0.2"
    "https-proxy-agent" "^7.0.1"
    "node-fetch" "^3.3.2"

"gcp-metadata@8.1.2":
  "integrity" "sha512-zV/5HKTfCeKWnxG0Dmrw51hEWFGfcF2xiXqcA3+J90WDuP0SvoiSO5ORvcBsifmx/FoIjgQN3oNOGaQ5PhLFkg=="
  "resolved" "https://registry.npmjs.org/gcp-metadata/-/gcp-metadata-8.1.2.tgz"
  "version" "8.1.2"
  dependencies:
    "gaxios" "^7.0.0"
    "google-logging-utils" "^1.0.0"
    "json-bigint" "^1.0.0"

"get-caller-file@^2.0.5":
  "integrity" "sha512-DyFP3BM/3YHTQOCUL/w0OZHR0lpKeGrxotcHWcqNEdnltqFwXVfhEBQ94eIo34AfQpo0rGki4cyIiftY06h2Fg=="
  "resolved" "https://registry.npmjs.org/get-caller-file/-/get-caller-file-2.0.5.tgz"
  "version" "2.0.5"

"glob@^10.3.7":
  "integrity" "sha512-DfXN8DfhJ7NH3Oe7cFmu3NCu1wKbkReJ8TorzSAFbSKrlNaQSKfIzqYqVY8zlbs2NLBbWpRiU52GX2PbaBVNkg=="
  "resolved" "https://registry.npmjs.org/glob/-/glob-10.5.0.tgz"
  "version" "10.5.0"
  dependencies:
    "foreground-child" "^3.1.0"
    "jackspeak" "^3.1.2"
    "minimatch" "^9.0.4"
    "minipass" "^7.1.2"
    "package-json-from-dist" "^1.0.0"
    "path-scurry" "^1.11.1"

"google-auth-library@^10.1.0":
  "integrity" "sha512-e27Z6EThmVNNvtYASwQxose/G57rkRuaRbQyxM2bvYLLX/GqWZ5chWq2EBoUchJbCc57eC9ArzO5wMsEmWftCw=="
  "resolved" "https://registry.npmjs.org/google-auth-library/-/google-auth-library-10.6.2.tgz"
  "version" "10.6.2"
  dependencies:
    "base64-js" "^1.3.0"
    "ecdsa-sig-formatter" "^1.0.11"
    "gaxios" "^7.1.4"
    "gcp-metadata" "8.1.2"
    "google-logging-utils" "1.1.3"
    "jws" "^4.0.0"

"google-gax@^5.0.0":
  "integrity" "sha512-1kGbqVQBZPAAu4+/R1XxPQKP0ydbNYoLAr4l0ZO2bMV0kLyLW4I1gAk++qBLWt7DPORTzmWRMsCZe86gDjShJA=="
  "resolved" "https://registry.npmjs.org/google-gax/-/google-gax-5.0.6.tgz"
  "version" "5.0.6"
  dependencies:
    "@grpc/grpc-js" "^1.12.6"
    "@grpc/proto-loader" "^0.8.0"
    "duplexify" "^4.1.3"
    "google-auth-library" "^10.1.0"
    "google-logging-utils" "^1.1.1"
    "node-fetch" "^3.3.2"
    "object-hash" "^3.0.0"
    "proto3-json-serializer" "^3.0.0"
    "protobufjs" "^7.5.3"
    "retry-request" "^8.0.0"
    "rimraf" "^5.0.1"

"google-logging-utils@^1.0.0", "google-logging-utils@^1.1.1", "google-logging-utils@1.1.3":
  "integrity" "sha512-eAmLkjDjAFCVXg7A1unxHsLf961m6y17QFqXqAXGj/gVkKFrEICfStRfwUlGNfeCEjNRa32JEWOUTlYXPyyKvA=="
  "resolved" "https://registry.npmjs.org/google-logging-utils/-/google-logging-utils-1.1.3.tgz"
  "version" "1.1.3"

"http-proxy-agent@^7.0.0":
  "integrity" "sha512-T1gkAiYYDWYx3V5Bmyu7HcfcvL7mUrTWiM6yOfa3PIphViJ/gFPbvidQ+veqSOHci/PxBcDabeUNCzpOODJZig=="
  "resolved" "https://registry.npmjs.org/http-proxy-agent/-/http-proxy-agent-7.0.2.tgz"
  "version" "7.0.2"
  dependencies:
    "agent-base" "^7.1.0"
    "debug" "^4.3.4"

"https-proxy-agent@^7.0.1":
  "integrity" "sha512-vK9P5/iUfdl95AI+JVyUuIcVtd4ofvtrOr3HNtM2yxC9bnMbEdp3x01OhQNnjb8IJYi38VlTE3mBXwcfvywuSw=="
  "resolved" "https://registry.npmjs.org/https-proxy-agent/-/https-proxy-agent-7.0.6.tgz"
  "version" "7.0.6"
  dependencies:
    "agent-base" "^7.1.2"
    "debug" "4"

"inherits@^2.0.3":
  "integrity" "sha512-k/vGaX4/Yla3WzyMCvTQOXYeIHvqOKtnqBduzTHpzpQZzAskKMhZ2K+EnBiSM9zGSoIFeMpXKxa4dYeZIQqewQ=="
  "resolved" "https://registry.npmjs.org/inherits/-/inherits-2.0.4.tgz"
  "version" "2.0.4"

"is-fullwidth-code-point@^3.0.0":
  "integrity" "sha512-zymm5+u+sCsSWyD9qNaejV3DFvhCKclKdizYaJUuHA83RLjb7nSuGnddCHGv0hk+KY7BMAlsWeK4Ueg6EV6XQg=="
  "resolved" "https://registry.npmjs.org/is-fullwidth-code-point/-/is-fullwidth-code-point-3.0.0.tgz"
  "version" "3.0.0"

"isexe@^2.0.0":
  "integrity" "sha512-RHxMLp9lnKHGHRng9QFhRCMbYAcVpn69smSGcq3f36xjgVVWThj4qqLbTLlq7Ssj8B+fIQ1EuCEGI2lKsyQeIw=="
  "resolved" "https://registry.npmjs.org/isexe/-/isexe-2.0.0.tgz"
  "version" "2.0.0"

"jackspeak@^3.1.2":
  "integrity" "sha512-OGlZQpz2yfahA/Rd1Y8Cd9SIEsqvXkLVoSw/cgwhnhFMDbsQFeZYoJJ7bIZBS9BcamUW96asq/npPWugM+RQBw=="
  "resolved" "https://registry.npmjs.org/jackspeak/-/jackspeak-3.4.3.tgz"
  "version" "3.4.3"
  dependencies:
    "@isaacs/cliui" "^8.0.2"
  optionalDependencies:
    "@pkgjs/parseargs" "^0.11.0"

"json-bigint@^1.0.0":
  "integrity" "sha512-SiPv/8VpZuWbvLSMtTDU8hEfrZWg/mH/nV/b4o0CYbSxu1UIQPLdwKOCIyLQX+VIPO5vrLX3i8qtqFyhdPSUSQ=="
  "resolved" "https://registry.npmjs.org/json-bigint/-/json-bigint-1.0.0.tgz"
  "version" "1.0.0"
  dependencies:
    "bignumber.js" "^9.0.0"

"jwa@^2.0.1":
  "integrity" "sha512-hRF04fqJIP8Abbkq5NKGN0Bbr3JxlQ+qhZufXVr0DvujKy93ZCbXZMHDL4EOtodSbCWxOqR8MS1tXA5hwqCXDg=="
  "resolved" "https://registry.npmjs.org/jwa/-/jwa-2.0.1.tgz"
  "version" "2.0.1"
  dependencies:
    "buffer-equal-constant-time" "^1.0.1"
    "ecdsa-sig-formatter" "1.0.11"
    "safe-buffer" "^5.0.1"

"jws@^4.0.0":
  "integrity" "sha512-EKI/M/yqPncGUUh44xz0PxSidXFr/+r0pA70+gIYhjv+et7yxM+s29Y+VGDkovRofQem0fs7Uvf4+YmAdyRduA=="
  "resolved" "https://registry.npmjs.org/jws/-/jws-4.0.1.tgz"
  "version" "4.0.1"
  dependencies:
    "jwa" "^2.0.1"
    "safe-buffer" "^5.0.1"

"lodash.camelcase@^4.3.0":
  "integrity" "sha512-TwuEnCnxbc3rAvhf/LbG7tJUDzhqXyFnv3dtzLOPgCG/hODL7WFnsbwktkD7yUV0RrreP/l1PALq/YSg6VvjlA=="
  "resolved" "https://registry.npmjs.org/lodash.camelcase/-/lodash.camelcase-4.3.0.tgz"
  "version" "4.3.0"

"long@^5.0.0":
  "integrity" "sha512-mNAgZ1GmyNhD7AuqnTG3/VQ26o760+ZYBPKjPvugO8+nLbYfX6TVpJPseBvopbdY+qpZ/lKUnmEc1LeZYS3QAA=="
  "resolved" "https://registry.npmjs.org/long/-/long-5.3.2.tgz"
  "version" "5.3.2"

"lru-cache@^10.2.0":
  "integrity" "sha512-JNAzZcXrCt42VGLuYz0zfAzDfAvJWW6AfYlDBQyDV5DClI2m5sAmK+OIO7s59XfsRsWHp02jAJrRadPRGTt6SQ=="
  "resolved" "https://registry.npmjs.org/lru-cache/-/lru-cache-10.4.3.tgz"
  "version" "10.4.3"

"minimatch@^9.0.4":
  "integrity" "sha512-OBwBN9AL4dqmETlpS2zasx+vTeWclWzkblfZk7KTA5j3jeOONz/tRCnZomUyvNg83wL5Zv9Ss6HMJXAgL8R2Yg=="
  "resolved" "https://registry.npmjs.org/minimatch/-/minimatch-9.0.9.tgz"
  "version" "9.0.9"
  dependencies:
    "brace-expansion" "^2.0.2"

"minipass@^5.0.0 || ^6.0.2 || ^7.0.0", "minipass@^7.1.2":
  "integrity" "sha512-tEBHqDnIoM/1rXME1zgka9g6Q2lcoCkxHLuc7ODJ5BxbP5d4c2Z5cGgtXAku59200Cx7diuHTOYfSBD8n6mm8A=="
  "resolved" "https://registry.npmjs.org/minipass/-/minipass-7.1.3.tgz"
  "version" "7.1.3"

"ms@^2.1.3":
  "integrity" "sha512-6FlzubTLZG3J2a/NVCAleEhjzq5oxgHyaCU9yYXvcLsvoVaHJq/s5xXI6/XXP6tz7R9xAOtHnSO/tXtF3WRTlA=="
  "resolved" "https://registry.npmjs.org/ms/-/ms-2.1.3.tgz"
  "version" "2.1.3"

"nanoid@^3.3.6":
  "integrity" "sha512-ZB9RH/39qpq5Vu6Y+NmUaFhQR6pp+M2Xt76XBnEwDaGcVAqhlvxrl3B2bKS5D3NH3QR76v3aSrKaF/Kiy7lEtQ=="
  "resolved" "https://registry.npmjs.org/nanoid/-/nanoid-3.3.12.tgz"
  "version" "3.3.12"

"next@15.3.9":
  "integrity" "sha512-bat50ogkh2esjfkbqmVocL5QunR9RGCSO2oQKFjKeDcEylIgw3JY6CMfGnzoVfXJ9SDLHI546sHmsk90D2ivwQ=="
  "resolved" "https://registry.npmjs.org/next/-/next-15.3.9.tgz"
  "version" "15.3.9"
  dependencies:
    "@next/env" "15.3.9"
    "@swc/counter" "0.1.3"
    "@swc/helpers" "0.5.15"
    "busboy" "1.6.0"
    "caniuse-lite" "^1.0.30001579"
    "postcss" "8.4.31"
    "styled-jsx" "5.1.6"
  optionalDependencies:
    "@next/swc-darwin-arm64" "15.3.5"
    "@next/swc-darwin-x64" "15.3.5"
    "@next/swc-linux-arm64-gnu" "15.3.5"
    "@next/swc-linux-arm64-musl" "15.3.5"
    "@next/swc-linux-x64-gnu" "15.3.5"
    "@next/swc-linux-x64-musl" "15.3.5"
    "@next/swc-win32-arm64-msvc" "15.3.5"
    "@next/swc-win32-x64-msvc" "15.3.5"
    "sharp" "^0.34.1"

"node-domexception@^1.0.0":
  "integrity" "sha512-/jKZoMpw0F8GRwl4/eLROPA3cfcXtLApP0QzLmUT/HuPCZWyB7IY9ZrMeKw2O/nFIqPQB3PVM9aYm0F312AXDQ=="
  "resolved" "https://registry.npmjs.org/node-domexception/-/node-domexception-1.0.0.tgz"
  "version" "1.0.0"

"node-fetch@^3.3.2":
  "integrity" "sha512-dRB78srN/l6gqWulah9SrxeYnxeddIG30+GOqK/9OlLVyLg3HPnr6SqOWTWOXKRwC2eGYCkZ59NNuSgvSrpgOA=="
  "resolved" "https://registry.npmjs.org/node-fetch/-/node-fetch-3.3.2.tgz"
  "version" "3.3.2"
  dependencies:
    "data-uri-to-buffer" "^4.0.0"
    "fetch-blob" "^3.1.4"
    "formdata-polyfill" "^4.0.10"

"object-hash@^3.0.0":
  "integrity" "sha512-RSn9F68PjH9HqtltsSnqYC1XXoWe9Bju5+213R98cNGttag9q9yAOTzdbsqvIa7aNm5WffBZFpWYr2aWrklWAw=="
  "resolved" "https://registry.npmjs.org/object-hash/-/object-hash-3.0.0.tgz"
  "version" "3.0.0"

"once@^1.4.0":
  "integrity" "sha512-lNaJgI+2Q5URQBkccEKHTQOPaXdUxnZZElQTZY0MFUAuaEqe1E+Nyvgdz/aIyNi6Z9MzO5dv1H8n58/GELp3+w=="
  "resolved" "https://registry.npmjs.org/once/-/once-1.4.0.tgz"
  "version" "1.4.0"
  dependencies:
    "wrappy" "1"

"package-json-from-dist@^1.0.0":
  "integrity" "sha512-UEZIS3/by4OC8vL3P2dTXRETpebLI2NiI5vIrjaD/5UtrkFX/tNbwjTSRAGC/+7CAo2pIcBaRgWmcBBHcsaCIw=="
  "resolved" "https://registry.npmjs.org/package-json-from-dist/-/package-json-from-dist-1.0.1.tgz"
  "version" "1.0.1"

"path-key@^3.1.0":
  "integrity" "sha512-ojmeN0qd+y0jszEtoY48r0Peq5dwMEkIlCOu6Q5f41lfkswXuKtYrhgoTpLnyIcHm24Uhqx+5Tqm2InSwLhE6Q=="
  "resolved" "https://registry.npmjs.org/path-key/-/path-key-3.1.1.tgz"
  "version" "3.1.1"

"path-scurry@^1.11.1":
  "integrity" "sha512-Xa4Nw17FS9ApQFJ9umLiJS4orGjm7ZzwUrwamcGQuHSzDyth9boKDaycYdDcZDuqYATXw4HFXgaqWTctW/v1HA=="
  "resolved" "https://registry.npmjs.org/path-scurry/-/path-scurry-1.11.1.tgz"
  "version" "1.11.1"
  dependencies:
    "lru-cache" "^10.2.0"
    "minipass" "^5.0.0 || ^6.0.2 || ^7.0.0"

"picocolors@^1.0.0":
  "integrity" "sha512-xceH2snhtb5M9liqDsmEw56le376mTZkEX/jEb/RxNFyegNul7eNslCXP9FDj/Lcu0X8KEyMceP2ntpaHrDEVA=="
  "resolved" "https://registry.npmjs.org/picocolors/-/picocolors-1.1.1.tgz"
  "version" "1.1.1"

"postcss@8.4.31":
  "integrity" "sha512-PS08Iboia9mts/2ygV3eLpY5ghnUcfLV/EXTOW1E2qYxJKGGBUtNjN76FYHnMs36RmARn41bC0AZmn+rR0OVpQ=="
  "resolved" "https://registry.npmjs.org/postcss/-/postcss-8.4.31.tgz"
  "version" "8.4.31"
  dependencies:
    "nanoid" "^3.3.6"
    "picocolors" "^1.0.0"
    "source-map-js" "^1.0.2"

"proto3-json-serializer@^3.0.0":
  "integrity" "sha512-E1sbAYg3aEbXrq0n1ojJkRHQJGE1kaE/O6GLA94y8rnJBfgvOPTOd1b9hOceQK1FFZI9qMh1vBERCyO2ifubcw=="
  "resolved" "https://registry.npmjs.org/proto3-json-serializer/-/proto3-json-serializer-3.0.4.tgz"
  "version" "3.0.4"
  dependencies:
    "protobufjs" "^7.4.0"

"protobufjs@^7.4.0", "protobufjs@^7.5.3":
  "integrity" "sha512-M71sTMB146U3u0di3yup8iM+zv8yPRNQVr1KK4tyBitl3qFvEGucq/rGDRShD2rsJhtN02RJaJ7j5X5hmy8SJg=="
  "resolved" "https://registry.npmjs.org/protobufjs/-/protobufjs-7.5.6.tgz"
  "version" "7.5.6"
  dependencies:
    "@protobufjs/aspromise" "^1.1.2"
    "@protobufjs/base64" "^1.1.2"
    "@protobufjs/codegen" "^2.0.5"
    "@protobufjs/eventemitter" "^1.1.0"
    "@protobufjs/fetch" "^1.1.0"
    "@protobufjs/float" "^1.0.2"
    "@protobufjs/inquire" "^1.1.1"
    "@protobufjs/path" "^1.1.2"
    "@protobufjs/pool" "^1.1.0"
    "@protobufjs/utf8" "^1.1.1"
    "@types/node" ">=13.7.0"
    "long" "^5.0.0"

"react-dom@^18.2.0 || 19.0.0-rc-de68d2f4-20241204 || ^19.0.0", "react-dom@^19.0.0":
  "integrity" "sha512-J5bAZz+DXMMwW/wV3xzKke59Af6CHY7G4uYLN1OvBcKEsWOs4pQExj86BBKamxl/Ik5bx9whOrvBlSDfWzgSag=="
  "resolved" "https://registry.npmjs.org/react-dom/-/react-dom-19.2.5.tgz"
  "version" "19.2.5"
  dependencies:
    "scheduler" "^0.27.0"

"react@^18.2.0 || 19.0.0-rc-de68d2f4-20241204 || ^19.0.0", "react@^19.0.0", "react@^19.2.5", "react@>= 16.8.0 || 17.x.x || ^18.0.0-0 || ^19.0.0-0":
  "integrity" "sha512-llUJLzz1zTUBrskt2pwZgLq59AemifIftw4aB7JxOqf1HY2FDaGDxgwpAPVzHU1kdWabH7FauP4i1oEeer2WCA=="
  "resolved" "https://registry.npmjs.org/react/-/react-19.2.5.tgz"
  "version" "19.2.5"

"readable-stream@^3.1.1":
  "integrity" "sha512-9u/sniCrY3D5WdsERHzHE4G2YCXqoG5FTHUiCC4SIbr6XcLZBY05ya9EKjYek9O5xOAwjGq+1JdGBAS7Q9ScoA=="
  "resolved" "https://registry.npmjs.org/readable-stream/-/readable-stream-3.6.2.tgz"
  "version" "3.6.2"
  dependencies:
    "inherits" "^2.0.3"
    "string_decoder" "^1.1.1"
    "util-deprecate" "^1.0.1"

"require-directory@^2.1.1":
  "integrity" "sha512-fGxEI7+wsG9xrvdjsrlmL22OMTTiHRwAMroiEeMgq8gzoLC/PQr7RsRDSTLUg/bZAZtF+TVIkHc6/4RIKrui+Q=="
  "resolved" "https://registry.npmjs.org/require-directory/-/require-directory-2.1.1.tgz"
  "version" "2.1.1"

"retry-request@^8.0.0":
  "integrity" "sha512-JzFPAfklk1kjR1w76f0QOIhoDkNkSqW8wYKT08n9yysTmZfB+RQ2QoXoTAeOi1HD9ZipTyTAZg3c4pM/jeqgSw=="
  "resolved" "https://registry.npmjs.org/retry-request/-/retry-request-8.0.2.tgz"
  "version" "8.0.2"
  dependencies:
    "extend" "^3.0.2"
    "teeny-request" "^10.0.0"

"rimraf@^5.0.1":
  "integrity" "sha512-l0OE8wL34P4nJH/H2ffoaniAokM2qSmrtXHmlpvYr5AVVX8msAyW0l8NVJFDxlSK4u3Uh/f41cQheDVdnYijwQ=="
  "resolved" "https://registry.npmjs.org/rimraf/-/rimraf-5.0.10.tgz"
  "version" "5.0.10"
  dependencies:
    "glob" "^10.3.7"

"safe-buffer@^5.0.1", "safe-buffer@~5.2.0":
  "integrity" "sha512-rp3So07KcdmmKbGvgaNxQSJr7bGVSVk5S9Eq1F+ppbRo70+YeaDxkw5Dd8NPN+GD6bjnYm2VuPuCXmpuYvmCXQ=="
  "resolved" "https://registry.npmjs.org/safe-buffer/-/safe-buffer-5.2.1.tgz"
  "version" "5.2.1"

"scheduler@^0.27.0":
  "integrity" "sha512-eNv+WrVbKu1f3vbYJT/xtiF5syA5HPIMtf9IgY/nKg0sWqzAUEvqY/xm7OcZc/qafLx/iO9FgOmeSAp4v5ti/Q=="
  "resolved" "https://registry.npmjs.org/scheduler/-/scheduler-0.27.0.tgz"
  "version" "0.27.0"

"semver@^7.7.3":
  "integrity" "sha512-vFKC2IEtQnVhpT78h1Yp8wzwrf8CM+MzKMHGJZfBtzhZNycRFnXsHk6E5TxIkkMsgNS7mdX3AGB7x2QM2di4lA=="
  "resolved" "https://registry.npmjs.org/semver/-/semver-7.7.4.tgz"
  "version" "7.7.4"

"sharp@^0.34.1":
  "integrity" "sha512-Ou9I5Ft9WNcCbXrU9cMgPBcCK8LiwLqcbywW3t4oDV37n1pzpuNLsYiAV8eODnjbtQlSDwZ2cUEeQz4E54Hltg=="
  "resolved" "https://registry.npmjs.org/sharp/-/sharp-0.34.5.tgz"
  "version" "0.34.5"
  dependencies:
    "@img/colour" "^1.0.0"
    "detect-libc" "^2.1.2"
    "semver" "^7.7.3"
  optionalDependencies:
    "@img/sharp-darwin-arm64" "0.34.5"
    "@img/sharp-darwin-x64" "0.34.5"
    "@img/sharp-libvips-darwin-arm64" "1.2.4"
    "@img/sharp-libvips-darwin-x64" "1.2.4"
    "@img/sharp-libvips-linux-arm" "1.2.4"
    "@img/sharp-libvips-linux-arm64" "1.2.4"
    "@img/sharp-libvips-linux-ppc64" "1.2.4"
    "@img/sharp-libvips-linux-riscv64" "1.2.4"
    "@img/sharp-libvips-linux-s390x" "1.2.4"
    "@img/sharp-libvips-linux-x64" "1.2.4"
    "@img/sharp-libvips-linuxmusl-arm64" "1.2.4"
    "@img/sharp-libvips-linuxmusl-x64" "1.2.4"
    "@img/sharp-linux-arm" "0.34.5"
    "@img/sharp-linux-arm64" "0.34.5"
    "@img/sharp-linux-ppc64" "0.34.5"
    "@img/sharp-linux-riscv64" "0.34.5"
    "@img/sharp-linux-s390x" "0.34.5"
    "@img/sharp-linux-x64" "0.34.5"
    "@img/sharp-linuxmusl-arm64" "0.34.5"
    "@img/sharp-linuxmusl-x64" "0.34.5"
    "@img/sharp-wasm32" "0.34.5"
    "@img/sharp-win32-arm64" "0.34.5"
    "@img/sharp-win32-ia32" "0.34.5"
    "@img/sharp-win32-x64" "0.34.5"

"shebang-command@^2.0.0":
  "integrity" "sha512-kHxr2zZpYtdmrN1qDjrrX/Z1rR1kG8Dx+gkpK1G4eXmvXswmcE1hTWBWYUzlraYw1/yZp6YuDY77YtvbN0dmDA=="
  "resolved" "https://registry.npmjs.org/shebang-command/-/shebang-command-2.0.0.tgz"
  "version" "2.0.0"
  dependencies:
    "shebang-regex" "^3.0.0"

"shebang-regex@^3.0.0":
  "integrity" "sha512-7++dFhtcx3353uBaq8DDR4NuxBetBzC7ZQOhmTQInHEd6bSrXdiEyzCvG07Z44UYdLShWUyXt5M/yhz8ekcb1A=="
  "resolved" "https://registry.npmjs.org/shebang-regex/-/shebang-regex-3.0.0.tgz"
  "version" "3.0.0"

"signal-exit@^4.0.1":
  "integrity" "sha512-bzyZ1e88w9O1iNJbKnOlvYTrWPDl46O1bG0D3XInv+9tkPrxrN8jUUTiFlDkkmKWgn1M6CfIA13SuGqOa9Korw=="
  "resolved" "https://registry.npmjs.org/signal-exit/-/signal-exit-4.1.0.tgz"
  "version" "4.1.0"

"source-map-js@^1.0.2":
  "integrity" "sha512-UXWMKhLOwVKb728IUtQPXxfYU+usdybtUrK/8uGE8CQMvrhOpwvzDBwj0QhSL7MQc7vIsISBG8VQ8+IDQxpfQA=="
  "resolved" "https://registry.npmjs.org/source-map-js/-/source-map-js-1.2.1.tgz"
  "version" "1.2.1"

"stream-events@^1.0.5":
  "integrity" "sha512-E1GUzBSgvct8Jsb3v2X15pjzN1tYebtbLaMg+eBOUOAxgbLoSbT2NS91ckc5lJD1KfLjId+jXJRgo0qnV5Nerg=="
  "resolved" "https://registry.npmjs.org/stream-events/-/stream-events-1.0.5.tgz"
  "version" "1.0.5"
  dependencies:
    "stubs" "^3.0.0"

"stream-shift@^1.0.2":
  "integrity" "sha512-76ORR0DO1o1hlKwTbi/DM3EXWGf3ZJYO8cXX5RJwnul2DEg2oyoZyjLNoQM8WsvZiFKCRfC1O0J7iCvie3RZmQ=="
  "resolved" "https://registry.npmjs.org/stream-shift/-/stream-shift-1.0.3.tgz"
  "version" "1.0.3"

"streamsearch@^1.1.0":
  "integrity" "sha512-Mcc5wHehp9aXz1ax6bZUyY5afg9u2rv5cqQI3mRrYkGC8rW2hM02jWuwjtL++LS5qinSyhj2QfLyNsuc+VsExg=="
  "resolved" "https://registry.npmjs.org/streamsearch/-/streamsearch-1.1.0.tgz"
  "version" "1.1.0"

"string_decoder@^1.1.1":
  "integrity" "sha512-hkRX8U1WjJFd8LsDJ2yQ/wWWxaopEsABU1XfkM8A+j0+85JAGppt16cr1Whg6KIbb4okU6Mql6BOj+uup/wKeA=="
  "resolved" "https://registry.npmjs.org/string_decoder/-/string_decoder-1.3.0.tgz"
  "version" "1.3.0"
  dependencies:
    "safe-buffer" "~5.2.0"

"string-width-cjs@npm:string-width@^4.2.0":
  "integrity" "sha512-wKyQRQpjJ0sIp62ErSZdGsjMJWsap5oRNihHhu6G7JVO/9jIB6UyevL+tXuOqrng8j/cxKTWyWUwvSTriiZz/g=="
  "resolved" "https://registry.npmjs.org/string-width/-/string-width-4.2.3.tgz"
  "version" "4.2.3"
  dependencies:
    "emoji-regex" "^8.0.0"
    "is-fullwidth-code-point" "^3.0.0"
    "strip-ansi" "^6.0.1"

"string-width@^4.1.0", "string-width@^4.2.0":
  "integrity" "sha512-wKyQRQpjJ0sIp62ErSZdGsjMJWsap5oRNihHhu6G7JVO/9jIB6UyevL+tXuOqrng8j/cxKTWyWUwvSTriiZz/g=="
  "resolved" "https://registry.npmjs.org/string-width/-/string-width-4.2.3.tgz"
  "version" "4.2.3"
  dependencies:
    "emoji-regex" "^8.0.0"
    "is-fullwidth-code-point" "^3.0.0"
    "strip-ansi" "^6.0.1"

"string-width@^4.2.3":
  "integrity" "sha512-wKyQRQpjJ0sIp62ErSZdGsjMJWsap5oRNihHhu6G7JVO/9jIB6UyevL+tXuOqrng8j/cxKTWyWUwvSTriiZz/g=="
  "resolved" "https://registry.npmjs.org/string-width/-/string-width-4.2.3.tgz"
  "version" "4.2.3"
  dependencies:
    "emoji-regex" "^8.0.0"
    "is-fullwidth-code-point" "^3.0.0"
    "strip-ansi" "^6.0.1"

"string-width@^5.0.1", "string-width@^5.1.2":
  "integrity" "sha512-HnLOCR3vjcY8beoNLtcjZ5/nxn2afmME6lhrDrebokqMap+XbeW8n9TXpPDOqdGK5qcI3oT0GKTW6wC7EMiVqA=="
  "resolved" "https://registry.npmjs.org/string-width/-/string-width-5.1.2.tgz"
  "version" "5.1.2"
  dependencies:
    "eastasianwidth" "^0.2.0"
    "emoji-regex" "^9.2.2"
    "strip-ansi" "^7.0.1"

"strip-ansi-cjs@npm:strip-ansi@^6.0.1":
  "integrity" "sha512-Y38VPSHcqkFrCpFnQ9vuSXmquuv5oXOKpGeT6aGrr3o3Gc9AlVa6JBfUSOCnbxGGZF+/0ooI7KrPuUSztUdU5A=="
  "resolved" "https://registry.npmjs.org/strip-ansi/-/strip-ansi-6.0.1.tgz"
  "version" "6.0.1"
  dependencies:
    "ansi-regex" "^5.0.1"

"strip-ansi@^6.0.0", "strip-ansi@^6.0.1":
  "integrity" "sha512-Y38VPSHcqkFrCpFnQ9vuSXmquuv5oXOKpGeT6aGrr3o3Gc9AlVa6JBfUSOCnbxGGZF+/0ooI7KrPuUSztUdU5A=="
  "resolved" "https://registry.npmjs.org/strip-ansi/-/strip-ansi-6.0.1.tgz"
  "version" "6.0.1"
  dependencies:
    "ansi-regex" "^5.0.1"

"strip-ansi@^7.0.1":
  "integrity" "sha512-yDPMNjp4WyfYBkHnjIRLfca1i6KMyGCtsVgoKe/z1+6vukgaENdgGBZt+ZmKPc4gavvEZ5OgHfHdrazhgNyG7w=="
  "resolved" "https://registry.npmjs.org/strip-ansi/-/strip-ansi-7.2.0.tgz"
  "version" "7.2.0"
  dependencies:
    "ansi-regex" "^6.2.2"

"stubs@^3.0.0":
  "integrity" "sha512-PdHt7hHUJKxvTCgbKX9C1V/ftOcjJQgz8BZwNfV5c4B6dcGqlpelTbJ999jBGZ2jYiPAwcX5dP6oBwVlBlUbxw=="
  "resolved" "https://registry.npmjs.org/stubs/-/stubs-3.0.0.tgz"
  "version" "3.0.0"

"styled-jsx@5.1.6":
  "integrity" "sha512-qSVyDTeMotdvQYoHWLNGwRFJHC+i+ZvdBRYosOFgC+Wg1vx4frN2/RG/NA7SYqqvKNLf39P2LSRA2pu6n0XYZA=="
  "resolved" "https://registry.npmjs.org/styled-jsx/-/styled-jsx-5.1.6.tgz"
  "version" "5.1.6"
  dependencies:
    "client-only" "0.0.1"

"teeny-request@^10.0.0":
  "integrity" "sha512-Xj0ZAQ0CeuQn6UxCDPLbFRlgcSTUEyO3+wiepr2grjIjyL/lMMs1Z4OwXn8kLvn/V1OuaEP0UY7Na6UDNNsYrQ=="
  "resolved" "https://registry.npmjs.org/teeny-request/-/teeny-request-10.1.2.tgz"
  "version" "10.1.2"
  dependencies:
    "http-proxy-agent" "^7.0.0"
    "https-proxy-agent" "^7.0.1"
    "node-fetch" "^3.3.2"
    "stream-events" "^1.0.5"

"tslib@^2.8.0":
  "integrity" "sha512-oJFu94HQb+KVduSUQL7wnpmqnfmLsOA/nAh6b6EH0wCEoK0/mPeXU6c3wKDV83MkOuHPRHtSXKKU99IBazS/2w=="
  "resolved" "https://registry.npmjs.org/tslib/-/tslib-2.8.1.tgz"
  "version" "2.8.1"

"typescript@^5":
  "integrity" "sha512-jl1vZzPDinLr9eUt3J/t7V6FgNEw9QjvBPdysz9KfQDD41fQrC2Y4vKQdiaUpFT4bXlb1RHhLpp8wtm6M5TgSw=="
  "resolved" "https://registry.npmjs.org/typescript/-/typescript-5.9.3.tgz"
  "version" "5.9.3"

"undici-types@~6.21.0":
  "integrity" "sha512-iwDZqg0QAGrg9Rav5H4n0M64c3mkR59cJ6wQp+7C4nI0gsmExaedaYLNO44eT4AtBBwjbTiGPMlt2Md0T9H9JQ=="
  "resolved" "https://registry.npmjs.org/undici-types/-/undici-types-6.21.0.tgz"
  "version" "6.21.0"

"util-deprecate@^1.0.1":
  "integrity" "sha512-EPD5q1uXyFxJpCrLnCc1nHnq3gOa6DZBocAIiI2TaSCA7VCJ1UJDMagCzIkXNsUYfD1daK//LTEQ8xiIbrHtcw=="
  "resolved" "https://registry.npmjs.org/util-deprecate/-/util-deprecate-1.0.2.tgz"
  "version" "1.0.2"

"web-streams-polyfill@^3.0.3":
  "integrity" "sha512-d2JWLCivmZYTSIoge9MsgFCZrt571BikcWGYkjC1khllbTeDlGqZ2D8vD8E/lJa8WGWbb7Plm8/XJYV7IJHZZw=="
  "resolved" "https://registry.npmjs.org/web-streams-polyfill/-/web-streams-polyfill-3.3.3.tgz"
  "version" "3.3.3"

"which@^2.0.1":
  "integrity" "sha512-BLI3Tl1TW3Pvl70l3yq3Y64i+awpwXqsGBYWkkqMtnbXgrMD+yj7rhW0kuEDxzJaYXGjEW5ogapKNMEKNMjibA=="
  "resolved" "https://registry.npmjs.org/which/-/which-2.0.2.tgz"
  "version" "2.0.2"
  dependencies:
    "isexe" "^2.0.0"

"wrap-ansi-cjs@npm:wrap-ansi@^7.0.0":
  "integrity" "sha512-YVGIj2kamLSTxw6NsZjoBxfSwsn0ycdesmc4p+Q21c5zPuZ1pl+NfxVdxPtdHvmNVOQ6XSYG4AUtyt/Fi7D16Q=="
  "resolved" "https://registry.npmjs.org/wrap-ansi/-/wrap-ansi-7.0.0.tgz"
  "version" "7.0.0"
  dependencies:
    "ansi-styles" "^4.0.0"
    "string-width" "^4.1.0"
    "strip-ansi" "^6.0.0"

"wrap-ansi@^7.0.0":
  "integrity" "sha512-YVGIj2kamLSTxw6NsZjoBxfSwsn0ycdesmc4p+Q21c5zPuZ1pl+NfxVdxPtdHvmNVOQ6XSYG4AUtyt/Fi7D16Q=="
  "resolved" "https://registry.npmjs.org/wrap-ansi/-/wrap-ansi-7.0.0.tgz"
  "version" "7.0.0"
  dependencies:
    "ansi-styles" "^4.0.0"
    "string-width" "^4.1.0"
    "strip-ansi" "^6.0.0"

"wrap-ansi@^8.1.0":
  "integrity" "sha512-si7QWI6zUMq56bESFvagtmzMdGOtoxfR+Sez11Mobfc7tm+VkUckk9bW2UeffTGVUbOksxmSw0AA2gs8g71NCQ=="
  "resolved" "https://registry.npmjs.org/wrap-ansi/-/wrap-ansi-8.1.0.tgz"
  "version" "8.1.0"
  dependencies:
    "ansi-styles" "^6.1.0"
    "string-width" "^5.0.1"
    "strip-ansi" "^7.0.1"

"wrappy@1":
  "integrity" "sha512-l4Sp/DRseor9wL6EvV2+TuQn63dMkPjZ/sp9XkghTEbV9KlPS1xUsZ3u7/IQO4wxtcFB4bgpQPRcR3QCvezPcQ=="
  "resolved" "https://registry.npmjs.org/wrappy/-/wrappy-1.0.2.tgz"
  "version" "1.0.2"

"y18n@^5.0.5":
  "integrity" "sha512-0pfFzegeDWJHJIAmTLRP2DwHjdF5s7jo9tuztdQxAhINCdvS+3nGINqPd00AphqJR/0LhANUS6/+7SCb98YOfA=="
  "resolved" "https://registry.npmjs.org/y18n/-/y18n-5.0.8.tgz"
  "version" "5.0.8"

"yargs-parser@^21.1.1":
  "integrity" "sha512-tVpsJW7DdjecAiFpbIB1e3qxIQsE6NoPc5/eTdrbbIC4h0LVsWhnoa3g+m2HclBIujHzsxZ4VJVA+GUuc2/LBw=="
  "resolved" "https://registry.npmjs.org/yargs-parser/-/yargs-parser-21.1.1.tgz"
  "version" "21.1.1"

"yargs@^17.7.2":
  "integrity" "sha512-7dSzzRQ++CKnNI/krKnYRV7JKKPUXMEh61soaHKg9mrWEhzFWhFnxPxGl+69cD1Ou63C13NUPCnmIcrvqCuM6w=="
  "resolved" "https://registry.npmjs.org/yargs/-/yargs-17.7.2.tgz"
  "version" "17.7.2"
  dependencies:
    "cliui" "^8.0.1"
    "escalade" "^3.1.1"
    "get-caller-file" "^2.0.5"
    "require-directory" "^2.1.1"
    "string-width" "^4.2.3"
    "y18n" "^5.0.5"
    "yargs-parser" "^21.1.1"
